// !$*UTF8*$!
{
	archiveVersion = 1;
	classes = {
	};
	objectVersion = 55;
	objects = {

/* Begin PBXBuildFile section */
		96B1D15E27BA364700D90BFE /* ResumeObject.swift in Sources */ = {isa = PBXBuildFile; fileRef = 96B1D15D27BA364700D90BFE /* ResumeObject.swift */; };
		96B1D16027BB87CA00D90BFE /* DataCollector.swift in Sources */ = {isa = PBXBuildFile; fileRef = 96B1D15F27BB87CA00D90BFE /* DataCollector.swift */; };
		96B1D16227BBC75F00D90BFE /* NameDialogViewController.swift in Sources */ = {isa = PBXBuildFile; fileRef = 96B1D16127BBC75F00D90BFE /* NameDialogViewController.swift */; };
		96F8021927B6557400E3A332 /* AppDelegate.swift in Sources */ = {isa = PBXBuildFile; fileRef = 96F8021827B6557400E3A332 /* AppDelegate.swift */; };
		96F8021B27B6557400E3A332 /* SceneDelegate.swift in Sources */ = {isa = PBXBuildFile; fileRef = 96F8021A27B6557400E3A332 /* SceneDelegate.swift */; };
		96F8021D27B6557400E3A332 /* ViewController.swift in Sources */ = {isa = PBXBuildFile; fileRef = 96F8021C27B6557400E3A332 /* ViewController.swift */; };
		96F8022027B6557400E3A332 /* Main.storyboard in Resources */ = {isa = PBXBuildFile; fileRef = 96F8021E27B6557400E3A332 /* Main.storyboard */; };
		96F8022227B6557500E3A332 /* Assets.xcassets in Resources */ = {isa = PBXBuildFile; fileRef = 96F8022127B6557500E3A332 /* Assets.xcassets */; };
		96F8022527B6557500E3A332 /* LaunchScreen.storyboard in Resources */ = {isa = PBXBuildFile; fileRef = 96F8022327B6557500E3A332 /* LaunchScreen.storyboard */; };
		96F8023027B6557500E3A332 /* ResumeCreaterTests.swift in Sources */ = {isa = PBXBuildFile; fileRef = 96F8022F27B6557500E3A332 /* ResumeCreaterTests.swift */; };
		96F8023A27B6557500E3A332 /* ResumeCreaterUITests.swift in Sources */ = {isa = PBXBuildFile; fileRef = 96F8023927B6557500E3A332 /* ResumeCreaterUITests.swift */; };
		96F8023C27B6557500E3A332 /* ResumeCreaterUITestsLaunchTests.swift in Sources */ = {isa = PBXBuildFile; fileRef = 96F8023B27B6557500E3A332 /* ResumeCreaterUITestsLaunchTests.swift */; };
		96F8024A27B65D0700E3A332 /* iOSWidgets in Frameworks */ = {isa = PBXBuildFile; productRef = 96F8024927B65D0700E3A332 /* iOSWidgets */; };
		96F8024D27B65DFC00E3A332 /* IQKeyboardManagerSwift in Frameworks */ = {isa = PBXBuildFile; productRef = 96F8024C27B65DFC00E3A332 /* IQKeyboardManagerSwift */; };
		96F8025027B65E1100E3A332 /* SkeletonView in Frameworks */ = {isa = PBXBuildFile; productRef = 96F8024F27B65E1100E3A332 /* SkeletonView */; };
		96F8025327B65F0B00E3A332 /* RealmSwift in Frameworks */ = {isa = PBXBuildFile; productRef = 96F8025227B65F0B00E3A332 /* RealmSwift */; };
		96F8025A27B9306C00E3A332 /* ResumeListPresenter.swift in Sources */ = {isa = PBXBuildFile; fileRef = 96F8025427B9306C00E3A332 /* ResumeListPresenter.swift */; };
		96F8025B27B9306C00E3A332 /* ResumeListWorker.swift in Sources */ = {isa = PBXBuildFile; fileRef = 96F8025527B9306C00E3A332 /* ResumeListWorker.swift */; };
		96F8025C27B9306C00E3A332 /* ResumeListRouter.swift in Sources */ = {isa = PBXBuildFile; fileRef = 96F8025627B9306C00E3A332 /* ResumeListRouter.swift */; };
		96F8025D27B9306C00E3A332 /* ResumeListModels.swift in Sources */ = {isa = PBXBuildFile; fileRef = 96F8025727B9306C00E3A332 /* ResumeListModels.swift */; };
		96F8025E27B9306C00E3A332 /* ResumeListViewController.swift in Sources */ = {isa = PBXBuildFile; fileRef = 96F8025827B9306C00E3A332 /* ResumeListViewController.swift */; };
		96F8025F27B9306C00E3A332 /* ResumeListInteractor.swift in Sources */ = {isa = PBXBuildFile; fileRef = 96F8025927B9306C00E3A332 /* ResumeListInteractor.swift */; };
		96F8026227B9389F00E3A332 /* ResumeItemListCell.swift in Sources */ = {isa = PBXBuildFile; fileRef = 96F8026127B9389F00E3A332 /* ResumeItemListCell.swift */; };
		96F8026927B96C1300E3A332 /* ResumeMainPresenter.swift in Sources */ = {isa = PBXBuildFile; fileRef = 96F8026327B96C1200E3A332 /* ResumeMainPresenter.swift */; };
		96F8026A27B96C1300E3A332 /* ResumeMainWorker.swift in Sources */ = {isa = PBXBuildFile; fileRef = 96F8026427B96C1200E3A332 /* ResumeMainWorker.swift */; };
		96F8026B27B96C1300E3A332 /* ResumeMainRouter.swift in Sources */ = {isa = PBXBuildFile; fileRef = 96F8026527B96C1200E3A332 /* ResumeMainRouter.swift */; };
		96F8026C27B96C1300E3A332 /* ResumeMainModels.swift in Sources */ = {isa = PBXBuildFile; fileRef = 96F8026627B96C1200E3A332 /* ResumeMainModels.swift */; };
		96F8026D27B96C1300E3A332 /* ResumeMainViewController.swift in Sources */ = {isa = PBXBuildFile; fileRef = 96F8026727B96C1200E3A332 /* ResumeMainViewController.swift */; };
		96F8026E27B96C1300E3A332 /* ResumeMainInteractor.swift in Sources */ = {isa = PBXBuildFile; fileRef = 96F8026827B96C1200E3A332 /* ResumeMainInteractor.swift */; };
		96F8027127B96DA000E3A332 /* ResumeCollectionViewLayout.swift in Sources */ = {isa = PBXBuildFile; fileRef = 96F8027027B96DA000E3A332 /* ResumeCollectionViewLayout.swift */; };
/* End PBXBuildFile section */

/* Begin PBXContainerItemProxy section */
		96F8022C27B6557500E3A332 /* PBXContainerItemProxy */ = {
			isa = PBXContainerItemProxy;
			containerPortal = 96F8020D27B6557400E3A332 /* Project object */;
			proxyType = 1;
			remoteGlobalIDString = 96F8021427B6557400E3A332;
			remoteInfo = ResumeCreater;
		};
		96F8023627B6557500E3A332 /* PBXContainerItemProxy */ = {
			isa = PBXContainerItemProxy;
			containerPortal = 96F8020D27B6557400E3A332 /* Project object */;
			proxyType = 1;
			remoteGlobalIDString = 96F8021427B6557400E3A332;
			remoteInfo = ResumeCreater;
		};
/* End PBXContainerItemProxy section */

/* Begin PBXFileReference section */
		96B1D15D27BA364700D90BFE /* ResumeObject.swift */ = {isa = PBXFileReference; lastKnownFileType = sourcecode.swift; path = ResumeObject.swift; sourceTree = "<group>"; };
		96B1D15F27BB87CA00D90BFE /* DataCollector.swift */ = {isa = PBXFileReference; lastKnownFileType = sourcecode.swift; path = DataCollector.swift; sourceTree = "<group>"; };
		96B1D16127BBC75F00D90BFE /* NameDialogViewController.swift */ = {isa = PBXFileReference; lastKnownFileType = sourcecode.swift; path = NameDialogViewController.swift; sourceTree = "<group>"; };
		96F8021527B6557400E3A332 /* ResumeCreater.app */ = {isa = PBXFileReference; explicitFileType = wrapper.application; includeInIndex = 0; path = ResumeCreater.app; sourceTree = BUILT_PRODUCTS_DIR; };
		96F8021827B6557400E3A332 /* AppDelegate.swift */ = {isa = PBXFileReference; lastKnownFileType = sourcecode.swift; path = AppDelegate.swift; sourceTree = "<group>"; };
		96F8021A27B6557400E3A332 /* SceneDelegate.swift */ = {isa = PBXFileReference; lastKnownFileType = sourcecode.swift; path = SceneDelegate.swift; sourceTree = "<group>"; };
		96F8021C27B6557400E3A332 /* ViewController.swift */ = {isa = PBXFileReference; lastKnownFileType = sourcecode.swift; path = ViewController.swift; sourceTree = "<group>"; };
		96F8021F27B6557400E3A332 /* Base */ = {isa = PBXFileReference; lastKnownFileType = file.storyboard; name = Base; path = Base.lproj/Main.storyboard; sourceTree = "<group>"; };
		96F8022127B6557500E3A332 /* Assets.xcassets */ = {isa = PBXFileReference; lastKnownFileType = folder.assetcatalog; path = Assets.xcassets; sourceTree = "<group>"; };
		96F8022427B6557500E3A332 /* Base */ = {isa = PBXFileReference; lastKnownFileType = file.storyboard; name = Base; path = Base.lproj/LaunchScreen.storyboard; sourceTree = "<group>"; };
		96F8022627B6557500E3A332 /* Info.plist */ = {isa = PBXFileReference; lastKnownFileType = text.plist.xml; path = Info.plist; sourceTree = "<group>"; };
		96F8022B27B6557500E3A332 /* ResumeCreaterTests.xctest */ = {isa = PBXFileReference; explicitFileType = wrapper.cfbundle; includeInIndex = 0; path = ResumeCreaterTests.xctest; sourceTree = BUILT_PRODUCTS_DIR; };
		96F8022F27B6557500E3A332 /* ResumeCreaterTests.swift */ = {isa = PBXFileReference; lastKnownFileType = sourcecode.swift; path = ResumeCreaterTests.swift; sourceTree = "<group>"; };
		96F8023527B6557500E3A332 /* ResumeCreaterUITests.xctest */ = {isa = PBXFileReference; explicitFileType = wrapper.cfbundle; includeInIndex = 0; path = ResumeCreaterUITests.xctest; sourceTree = BUILT_PRODUCTS_DIR; };
		96F8023927B6557500E3A332 /* ResumeCreaterUITests.swift */ = {isa = PBXFileReference; lastKnownFileType = sourcecode.swift; path = ResumeCreaterUITests.swift; sourceTree = "<group>"; };
		96F8023B27B6557500E3A332 /* ResumeCreaterUITestsLaunchTests.swift */ = {isa = PBXFileReference; lastKnownFileType = sourcecode.swift; path = ResumeCreaterUITestsLaunchTests.swift; sourceTree = "<group>"; };
		96F8025427B9306C00E3A332 /* ResumeListPresenter.swift */ = {isa = PBXFileReference; lastKnownFileType = sourcecode.swift; path = ResumeListPresenter.swift; sourceTree = "<group>"; };
		96F8025527B9306C00E3A332 /* ResumeListWorker.swift */ = {isa = PBXFileReference; lastKnownFileType = sourcecode.swift; path = ResumeListWorker.swift; sourceTree = "<group>"; };
		96F8025627B9306C00E3A332 /* ResumeListRouter.swift */ = {isa = PBXFileReference; lastKnownFileType = sourcecode.swift; path = ResumeListRouter.swift; sourceTree = "<group>"; };
		96F8025727B9306C00E3A332 /* ResumeListModels.swift */ = {isa = PBXFileReference; lastKnownFileType = sourcecode.swift; path = ResumeListModels.swift; sourceTree = "<group>"; };
		96F8025827B9306C00E3A332 /* ResumeListViewController.swift */ = {isa = PBXFileReference; lastKnownFileType = sourcecode.swift; path = ResumeListViewController.swift; sourceTree = "<group>"; };
		96F8025927B9306C00E3A332 /* ResumeListInteractor.swift */ = {isa = PBXFileReference; lastKnownFileType = sourcecode.swift; path = ResumeListInteractor.swift; sourceTree = "<group>"; };
		96F8026127B9389F00E3A332 /* ResumeItemListCell.swift */ = {isa = PBXFileReference; lastKnownFileType = sourcecode.swift; path = ResumeItemListCell.swift; sourceTree = "<group>"; };
		96F8026327B96C1200E3A332 /* ResumeMainPresenter.swift */ = {isa = PBXFileReference; lastKnownFileType = sourcecode.swift; path = ResumeMainPresenter.swift; sourceTree = "<group>"; };
		96F8026427B96C1200E3A332 /* ResumeMainWorker.swift */ = {isa = PBXFileReference; lastKnownFileType = sourcecode.swift; path = ResumeMainWorker.swift; sourceTree = "<group>"; };
		96F8026527B96C1200E3A332 /* ResumeMainRouter.swift */ = {isa = PBXFileReference; lastKnownFileType = sourcecode.swift; path = ResumeMainRouter.swift; sourceTree = "<group>"; };
		96F8026627B96C1200E3A332 /* ResumeMainModels.swift */ = {isa = PBXFileReference; lastKnownFileType = sourcecode.swift; path = ResumeMainModels.swift; sourceTree = "<group>"; };
		96F8026727B96C1200E3A332 /* ResumeMainViewController.swift */ = {isa = PBXFileReference; lastKnownFileType = sourcecode.swift; path = ResumeMainViewController.swift; sourceTree = "<group>"; };
		96F8026827B96C1200E3A332 /* ResumeMainInteractor.swift */ = {isa = PBXFileReference; lastKnownFileType = sourcecode.swift; path = ResumeMainInteractor.swift; sourceTree = "<group>"; };
		96F8027027B96DA000E3A332 /* ResumeCollectionViewLayout.swift */ = {isa = PBXFileReference; lastKnownFileType = sourcecode.swift; path = ResumeCollectionViewLayout.swift; sourceTree = "<group>"; };
/* End PBXFileReference section */

/* Begin PBXFrameworksBuildPhase section */
		96F8021227B6557400E3A332 /* Frameworks */ = {
			isa = PBXFrameworksBuildPhase;
			buildActionMask = 2147483647;
			files = (
				96F8025327B65F0B00E3A332 /* RealmSwift in Frameworks */,
				96F8024A27B65D0700E3A332 /* iOSWidgets in Frameworks */,
				96F8025027B65E1100E3A332 /* SkeletonView in Frameworks */,
				96F8024D27B65DFC00E3A332 /* IQKeyboardManagerSwift in Frameworks */,
			);
			runOnlyForDeploymentPostprocessing = 0;
		};
		96F8022827B6557500E3A332 /* Frameworks */ = {
			isa = PBXFrameworksBuildPhase;
			buildActionMask = 2147483647;
			files = (
			);
			runOnlyForDeploymentPostprocessing = 0;
		};
		96F8023227B6557500E3A332 /* Frameworks */ = {
			isa = PBXFrameworksBuildPhase;
			buildActionMask = 2147483647;
			files = (
			);
			runOnlyForDeploymentPostprocessing = 0;
		};
/* End PBXFrameworksBuildPhase section */

/* Begin PBXGroup section */
		96F8020C27B6557400E3A332 = {
			isa = PBXGroup;
			children = (
				96F8021727B6557400E3A332 /* ResumeCreater */,
				96F8022E27B6557500E3A332 /* ResumeCreaterTests */,
				96F8023827B6557500E3A332 /* ResumeCreaterUITests */,
				96F8021627B6557400E3A332 /* Products */,
			);
			sourceTree = "<group>";
		};
		96F8021627B6557400E3A332 /* Products */ = {
			isa = PBXGroup;
			children = (
				96F8021527B6557400E3A332 /* ResumeCreater.app */,
				96F8022B27B6557500E3A332 /* ResumeCreaterTests.xctest */,
				96F8023527B6557500E3A332 /* ResumeCreaterUITests.xctest */,
			);
			name = Products;
			sourceTree = "<group>";
		};
		96F8021727B6557400E3A332 /* ResumeCreater */ = {
			isa = PBXGroup;
			children = (
				96F8021827B6557400E3A332 /* AppDelegate.swift */,
				96F8021A27B6557400E3A332 /* SceneDelegate.swift */,
				96F8021C27B6557400E3A332 /* ViewController.swift */,
				96F8021E27B6557400E3A332 /* Main.storyboard */,
				96F8027227B96DB800E3A332 /* Layouts */,
				96F8026F27B96C1C00E3A332 /* ResumeMain */,
				96F8026027B9378500E3A332 /* ResumeList */,
				96F8022127B6557500E3A332 /* Assets.xcassets */,
				96B1D16127BBC75F00D90BFE /* NameDialogViewController.swift */,
				96B1D15D27BA364700D90BFE /* ResumeObject.swift */,
				96B1D15F27BB87CA00D90BFE /* DataCollector.swift */,
				96F8022327B6557500E3A332 /* LaunchScreen.storyboard */,
				96F8022627B6557500E3A332 /* Info.plist */,
			);
			path = ResumeCreater;
			sourceTree = "<group>";
		};
		96F8022E27B6557500E3A332 /* ResumeCreaterTests */ = {
			isa = PBXGroup;
			children = (
				96F8022F27B6557500E3A332 /* ResumeCreaterTests.swift */,
			);
			path = ResumeCreaterTests;
			sourceTree = "<group>";
		};
		96F8023827B6557500E3A332 /* ResumeCreaterUITests */ = {
			isa = PBXGroup;
			children = (
				96F8023927B6557500E3A332 /* ResumeCreaterUITests.swift */,
				96F8023B27B6557500E3A332 /* ResumeCreaterUITestsLaunchTests.swift */,
			);
			path = ResumeCreaterUITests;
			sourceTree = "<group>";
		};
		96F8026027B9378500E3A332 /* ResumeList */ = {
			isa = PBXGroup;
			children = (
				96F8025427B9306C00E3A332 /* ResumeListPresenter.swift */,
				96F8025527B9306C00E3A332 /* ResumeListWorker.swift */,
				96F8025627B9306C00E3A332 /* ResumeListRouter.swift */,
				96F8025727B9306C00E3A332 /* ResumeListModels.swift */,
				96F8025827B9306C00E3A332 /* ResumeListViewController.swift */,
				96F8026127B9389F00E3A332 /* ResumeItemListCell.swift */,
				96F8025927B9306C00E3A332 /* ResumeListInteractor.swift */,
			);
			path = ResumeList;
			sourceTree = "<group>";
		};
		96F8026F27B96C1C00E3A332 /* ResumeMain */ = {
			isa = PBXGroup;
			children = (
				96F8026327B96C1200E3A332 /* ResumeMainPresenter.swift */,
				96F8026427B96C1200E3A332 /* ResumeMainWorker.swift */,
				96F8026527B96C1200E3A332 /* ResumeMainRouter.swift */,
				96F8026627B96C1200E3A332 /* ResumeMainModels.swift */,
				96F8026727B96C1200E3A332 /* ResumeMainViewController.swift */,
				96F8026827B96C1200E3A332 /* ResumeMainInteractor.swift */,
			);
			path = ResumeMain;
			sourceTree = "<group>";
		};
		96F8027227B96DB800E3A332 /* Layouts */ = {
			isa = PBXGroup;
			children = (
				96F8027027B96DA000E3A332 /* ResumeCollectionViewLayout.swift */,
			);
			path = Layouts;
			sourceTree = "<group>";
		};
/* End PBXGroup section */

/* Begin PBXNativeTarget section */
		96F8021427B6557400E3A332 /* ResumeCreater */ = {
			isa = PBXNativeTarget;
			buildConfigurationList = 96F8023F27B6557500E3A332 /* Build configuration list for PBXNativeTarget "ResumeCreater" */;
			buildPhases = (
				96F8021127B6557400E3A332 /* Sources */,
				96F8021227B6557400E3A332 /* Frameworks */,
				96F8021327B6557400E3A332 /* Resources */,
			);
			buildRules = (
			);
			dependencies = (
			);
			name = ResumeCreater;
			packageProductDependencies = (
				96F8024927B65D0700E3A332 /* iOSWidgets */,
				96F8024C27B65DFC00E3A332 /* IQKeyboardManagerSwift */,
				96F8024F27B65E1100E3A332 /* SkeletonView */,
				96F8025227B65F0B00E3A332 /* RealmSwift */,
			);
			productName = ResumeCreater;
			productReference = 96F8021527B6557400E3A332 /* ResumeCreater.app */;
			productType = "com.apple.product-type.application";
		};
		96F8022A27B6557500E3A332 /* ResumeCreaterTests */ = {
			isa = PBXNativeTarget;
			buildConfigurationList = 96F8024227B6557500E3A332 /* Build configuration list for PBXNativeTarget "ResumeCreaterTests" */;
			buildPhases = (
				96F8022727B6557500E3A332 /* Sources */,
				96F8022827B6557500E3A332 /* Frameworks */,
				96F8022927B6557500E3A332 /* Resources */,
			);
			buildRules = (
			);
			dependencies = (
				96F8022D27B6557500E3A332 /* PBXTargetDependency */,
			);
			name = ResumeCreaterTests;
			productName = ResumeCreaterTests;
			productReference = 96F8022B27B6557500E3A332 /* ResumeCreaterTests.xctest */;
			productType = "com.apple.product-type.bundle.unit-test";
		};
		96F8023427B6557500E3A332 /* ResumeCreaterUITests */ = {
			isa = PBXNativeTarget;
			buildConfigurationList = 96F8024527B6557500E3A332 /* Build configuration list for PBXNativeTarget "ResumeCreaterUITests" */;
			buildPhases = (
				96F8023127B6557500E3A332 /* Sources */,
				96F8023227B6557500E3A332 /* Frameworks */,
				96F8023327B6557500E3A332 /* Resources */,
			);
			buildRules = (
			);
			dependencies = (
				96F8023727B6557500E3A332 /* PBXTargetDependency */,
			);
			name = ResumeCreaterUITests;
			productName = ResumeCreaterUITests;
			productReference = 96F8023527B6557500E3A332 /* ResumeCreaterUITests.xctest */;
			productType = "com.apple.product-type.bundle.ui-testing";
		};
/* End PBXNativeTarget section */

/* Begin PBXProject section */
		96F8020D27B6557400E3A332 /* Project object */ = {
			isa = PBXProject;
			attributes = {
				BuildIndependentTargetsInParallel = 1;
				LastSwiftUpdateCheck = 1320;
				LastUpgradeCheck = 1320;
				TargetAttributes = {
					96F8021427B6557400E3A332 = {
						CreatedOnToolsVersion = 13.2.1;
					};
					96F8022A27B6557500E3A332 = {
						CreatedOnToolsVersion = 13.2.1;
						TestTargetID = 96F8021427B6557400E3A332;
					};
					96F8023427B6557500E3A332 = {
						CreatedOnToolsVersion = 13.2.1;
						TestTargetID = 96F8021427B6557400E3A332;
					};
				};
			};
			buildConfigurationList = 96F8021027B6557400E3A332 /* Build configuration list for PBXProject "ResumeCreater" */;
			compatibilityVersion = "Xcode 13.0";
			developmentRegion = en;
			hasScannedForEncodings = 0;
			knownRegions = (
				en,
				Base,
			);
			mainGroup = 96F8020C27B6557400E3A332;
			packageReferences = (
				96F8024827B65D0700E3A332 /* XCRemoteSwiftPackageReference "iOSWidgets" */,
				96F8024B27B65DFC00E3A332 /* XCRemoteSwiftPackageReference "IQKeyboardManager" */,
				96F8024E27B65E1100E3A332 /* XCRemoteSwiftPackageReference "SkeletonView" */,
				96F8025127B65F0B00E3A332 /* XCRemoteSwiftPackageReference "realm-swift" */,
			);
			productRefGroup = 96F8021627B6557400E3A332 /* Products */;
			projectDirPath = "";
			projectRoot = "";
			targets = (
				96F8021427B6557400E3A332 /* ResumeCreater */,
				96F8022A27B6557500E3A332 /* ResumeCreaterTests */,
				96F8023427B6557500E3A332 /* ResumeCreaterUITests */,
			);
		};
/* End PBXProject section */

/* Begin PBXResourcesBuildPhase section */
		96F8021327B6557400E3A332 /* Resources */ = {
			isa = PBXResourcesBuildPhase;
			buildActionMask = 2147483647;
			files = (
				96F8022527B6557500E3A332 /* LaunchScreen.storyboard in Resources */,
				96F8022227B6557500E3A332 /* Assets.xcassets in Resources */,
				96F8022027B6557400E3A332 /* Main.storyboard in Resources */,
			);
			runOnlyForDeploymentPostprocessing = 0;
		};
		96F8022927B6557500E3A332 /* Resources */ = {
			isa = PBXResourcesBuildPhase;
			buildActionMask = 2147483647;
			files = (
			);
			runOnlyForDeploymentPostprocessing = 0;
		};
		96F8023327B6557500E3A332 /* Resources */ = {
			isa = PBXResourcesBuildPhase;
			buildActionMask = 2147483647;
			files = (
			);
			runOnlyForDeploymentPostprocessing = 0;
		};
/* End PBXResourcesBuildPhase section */

/* Begin PBXSourcesBuildPhase section */
		96F8021127B6557400E3A332 /* Sources */ = {
			isa = PBXSourcesBuildPhase;
			buildActionMask = 2147483647;
			files = (
				96F8021D27B6557400E3A332 /* ViewController.swift in Sources */,
				96B1D16227BBC75F00D90BFE /* NameDialogViewController.swift in Sources */,
				96F8025A27B9306C00E3A332 /* ResumeListPresenter.swift in Sources */,
				96F8021927B6557400E3A332 /* AppDelegate.swift in Sources */,
				96B1D15E27BA364700D90BFE /* ResumeObject.swift in Sources */,
				96F8026D27B96C1300E3A332 /* ResumeMainViewController.swift in Sources */,
				96F8026C27B96C1300E3A332 /* ResumeMainModels.swift in Sources */,
				96F8025B27B9306C00E3A332 /* ResumeListWorker.swift in Sources */,
				96F8026E27B96C1300E3A332 /* ResumeMainInteractor.swift in Sources */,
				96F8026927B96C1300E3A332 /* ResumeMainPresenter.swift in Sources */,
				96F8025D27B9306C00E3A332 /* ResumeListModels.swift in Sources */,
				96F8026B27B96C1300E3A332 /* ResumeMainRouter.swift in Sources */,
				96F8026227B9389F00E3A332 /* ResumeItemListCell.swift in Sources */,
				96F8025E27B9306C00E3A332 /* ResumeListViewController.swift in Sources */,
				96F8021B27B6557400E3A332 /* SceneDelegate.swift in Sources */,
				96F8026A27B96C1300E3A332 /* ResumeMainWorker.swift in Sources */,
				96F8025C27B9306C00E3A332 /* ResumeListRouter.swift in Sources */,
				96B1D16027BB87CA00D90BFE /* DataCollector.swift in Sources */,
				96F8025F27B9306C00E3A332 /* ResumeListInteractor.swift in Sources */,
				96F8027127B96DA000E3A332 /* ResumeCollectionViewLayout.swift in Sources */,
			);
			runOnlyForDeploymentPostprocessing = 0;
		};
		96F8022727B6557500E3A332 /* Sources */ = {
			isa = PBXSourcesBuildPhase;
			buildActionMask = 2147483647;
			files = (
				96F8023027B6557500E3A332 /* ResumeCreaterTests.swift in Sources */,
			);
			runOnlyForDeploymentPostprocessing = 0;
		};
		96F8023127B6557500E3A332 /* Sources */ = {
			isa = PBXSourcesBuildPhase;
			buildActionMask = 2147483647;
			files = (
				96F8023C27B6557500E3A332 /* ResumeCreaterUITestsLaunchTests.swift in Sources */,
				96F8023A27B6557500E3A332 /* ResumeCreaterUITests.swift in Sources */,
			);
			runOnlyForDeploymentPostprocessing = 0;
		};
/* End PBXSourcesBuildPhase section */

/* Begin PBXTargetDependency section */
		96F8022D27B6557500E3A332 /* PBXTargetDependency */ = {
			isa = PBXTargetDependency;
			target = 96F8021427B6557400E3A332 /* ResumeCreater */;
			targetProxy = 96F8022C27B6557500E3A332 /* PBXContainerItemProxy */;
		};
		96F8023727B6557500E3A332 /* PBXTargetDependency */ = {
			isa = PBXTargetDependency;
			target = 96F8021427B6557400E3A332 /* ResumeCreater */;
			targetProxy = 96F8023627B6557500E3A332 /* PBXContainerItemProxy */;
		};
/* End PBXTargetDependency section */

/* Begin PBXVariantGroup section */
		96F8021E27B6557400E3A332 /* Main.storyboard */ = {
			isa = PBXVariantGroup;
			children = (
				96F8021F27B6557400E3A332 /* Base */,
			);
			name = Main.storyboard;
			sourceTree = "<group>";
		};
		96F8022327B6557500E3A332 /* LaunchScreen.storyboard */ = {
			isa = PBXVariantGroup;
			children = (
				96F8022427B6557500E3A332 /* Base */,
			);
			name = LaunchScreen.storyboard;
			sourceTree = "<group>";
		};
/* End PBXVariantGroup section */

/* Begin XCBuildConfiguration section */
		96F8023D27B6557500E3A332 /* Debug */ = {
			isa = XCBuildConfiguration;
			buildSettings = {
				ALWAYS_SEARCH_USER_PATHS = NO;
				CLANG_ANALYZER_NONNULL = YES;
				CLANG_ANALYZER_NUMBER_OBJECT_CONVERSION = YES_AGGRESSIVE;
				CLANG_CXX_LANGUAGE_STANDARD = "gnu++17";
				CLANG_CXX_LIBRARY = "libc++";
				CLANG_ENABLE_MODULES = YES;
				CLANG_ENABLE_OBJC_ARC = YES;
				CLANG_ENABLE_OBJC_WEAK = YES;
				CLANG_WARN_BLOCK_CAPTURE_AUTORELEASING = YES;
				CLANG_WARN_BOOL_CONVERSION = YES;
				CLANG_WARN_COMMA = YES;
				CLANG_WARN_CONSTANT_CONVERSION = YES;
				CLANG_WARN_DEPRECATED_OBJC_IMPLEMENTATIONS = YES;
				CLANG_WARN_DIRECT_OBJC_ISA_USAGE = YES_ERROR;
				CLANG_WARN_DOCUMENTATION_COMMENTS = YES;
				CLANG_WARN_EMPTY_BODY = YES;
				CLANG_WARN_ENUM_CONVERSION = YES;
				CLANG_WARN_INFINITE_RECURSION = YES;
				CLANG_WARN_INT_CONVERSION = YES;
				CLANG_WARN_NON_LITERAL_NULL_CONVERSION = YES;
				CLANG_WARN_OBJC_IMPLICIT_RETAIN_SELF = YES;
				CLANG_WARN_OBJC_LITERAL_CONVERSION = YES;
				CLANG_WARN_OBJC_ROOT_CLASS = YES_ERROR;
				CLANG_WARN_QUOTED_INCLUDE_IN_FRAMEWORK_HEADER = YES;
				CLANG_WARN_RANGE_LOOP_ANALYSIS = YES;
				CLANG_WARN_STRICT_PROTOTYPES = YES;
				CLANG_WARN_SUSPICIOUS_MOVE = YES;
				CLANG_WARN_UNGUARDED_AVAILABILITY = YES_AGGRESSIVE;
				CLANG_WARN_UNREACHABLE_CODE = YES;
				CLANG_WARN__DUPLICATE_METHOD_MATCH = YES;
				COPY_PHASE_STRIP = NO;
				DEBUG_INFORMATION_FORMAT = dwarf;
				ENABLE_STRICT_OBJC_MSGSEND = YES;
				ENABLE_TESTABILITY = YES;
				GCC_C_LANGUAGE_STANDARD = gnu11;
				GCC_DYNAMIC_NO_PIC = NO;
				GCC_NO_COMMON_BLOCKS = YES;
				GCC_OPTIMIZATION_LEVEL = 0;
				GCC_PREPROCESSOR_DEFINITIONS = (
					"DEBUG=1",
					"$(inherited)",
				);
				GCC_WARN_64_TO_32_BIT_CONVERSION = YES;
				GCC_WARN_ABOUT_RETURN_TYPE = YES_ERROR;
				GCC_WARN_UNDECLARED_SELECTOR = YES;
				GCC_WARN_UNINITIALIZED_AUTOS = YES_AGGRESSIVE;
				GCC_WARN_UNUSED_FUNCTION = YES;
				GCC_WARN_UNUSED_VARIABLE = YES;
				IPHONEOS_DEPLOYMENT_TARGET = 15.2;
				MTL_ENABLE_DEBUG_INFO = INCLUDE_SOURCE;
				MTL_FAST_MATH = YES;
				ONLY_ACTIVE_ARCH = YES;
				SDKROOT = iphoneos;
				SWIFT_ACTIVE_COMPILATION_CONDITIONS = DEBUG;
				SWIFT_OPTIMIZATION_LEVEL = "-Onone";
			};
			name = Debug;
		};
		96F8023E27B6557500E3A332 /* Release */ = {
			isa = XCBuildConfiguration;
			buildSettings = {
				ALWAYS_SEARCH_USER_PATHS = NO;
				CLANG_ANALYZER_NONNULL = YES;
				CLANG_ANALYZER_NUMBER_OBJECT_CONVERSION = YES_AGGRESSIVE;
				CLANG_CXX_LANGUAGE_STANDARD = "gnu++17";
				CLANG_CXX_LIBRARY = "libc++";
				CLANG_ENABLE_MODULES = YES;
				CLANG_ENABLE_OBJC_ARC = YES;
				CLANG_ENABLE_OBJC_WEAK = YES;
				CLANG_WARN_BLOCK_CAPTURE_AUTORELEASING = YES;
				CLANG_WARN_BOOL_CONVERSION = YES;
				CLANG_WARN_COMMA = YES;
				CLANG_WARN_CONSTANT_CONVERSION = YES;
				CLANG_WARN_DEPRECATED_OBJC_IMPLEMENTATIONS = YES;
				CLANG_WARN_DIRECT_OBJC_ISA_USAGE = YES_ERROR;
				CLANG_WARN_DOCUMENTATION_COMMENTS = YES;
				CLANG_WARN_EMPTY_BODY = YES;
				CLANG_WARN_ENUM_CONVERSION = YES;
				CLANG_WARN_INFINITE_RECURSION = YES;
				CLANG_WARN_INT_CONVERSION = YES;
				CLANG_WARN_NON_LITERAL_NULL_CONVERSION = YES;
				CLANG_WARN_OBJC_IMPLICIT_RETAIN_SELF = YES;
				CLANG_WARN_OBJC_LITERAL_CONVERSION = YES;
				CLANG_WARN_OBJC_ROOT_CLASS = YES_ERROR;
				CLANG_WARN_QUOTED_INCLUDE_IN_FRAMEWORK_HEADER = YES;
				CLANG_WARN_RANGE_LOOP_ANALYSIS = YES;
				CLANG_WARN_STRICT_PROTOTYPES = YES;
				CLANG_WARN_SUSPICIOUS_MOVE = YES;
				CLANG_WARN_UNGUARDED_AVAILABILITY = YES_AGGRESSIVE;
				CLANG_WARN_UNREACHABLE_CODE = YES;
				CLANG_WARN__DUPLICATE_METHOD_MATCH = YES;
				COPY_PHASE_STRIP = NO;
				DEBUG_INFORMATION_FORMAT = "dwarf-with-dsym";
				ENABLE_NS_ASSERTIONS = NO;
				ENABLE_STRICT_OBJC_MSGSEND = YES;
				GCC_C_LANGUAGE_STANDARD = gnu11;
				GCC_NO_COMMON_BLOCKS = YES;
				GCC_WARN_64_TO_32_BIT_CONVERSION = YES;
				GCC_WARN_ABOUT_RETURN_TYPE = YES_ERROR;
				GCC_WARN_UNDECLARED_SELECTOR = YES;
				GCC_WARN_UNINITIALIZED_AUTOS = YES_AGGRESSIVE;
				GCC_WARN_UNUSED_FUNCTION = YES;
				GCC_WARN_UNUSED_VARIABLE = YES;
				IPHONEOS_DEPLOYMENT_TARGET = 15.2;
				MTL_ENABLE_DEBUG_INFO = NO;
				MTL_FAST_MATH = YES;
				SDKROOT = iphoneos;
				SWIFT_COMPILATION_MODE = wholemodule;
				SWIFT_OPTIMIZATION_LEVEL = "-O";
				VALIDATE_PRODUCT = YES;
			};
			name = Release;
		};
		96F8024027B6557500E3A332 /* Debug */ = {
			isa = XCBuildConfiguration;
			buildSettings = {
				ASSETCATALOG_COMPILER_APPICON_NAME = AppIcon;
				ASSETCATALOG_COMPILER_GLOBAL_ACCENT_COLOR_NAME = AccentColor;
				CODE_SIGN_STYLE = Automatic;
				CURRENT_PROJECT_VERSION = 1;
				DEVELOPMENT_TEAM = 2U44HW5B4A;
				GENERATE_INFOPLIST_FILE = YES;
				INFOPLIST_FILE = ResumeCreater/Info.plist;
				INFOPLIST_KEY_UIApplicationSupportsIndirectInputEvents = YES;
				INFOPLIST_KEY_UILaunchStoryboardName = LaunchScreen;
				INFOPLIST_KEY_UIMainStoryboardFile = Main;
				INFOPLIST_KEY_UISupportedInterfaceOrientations_iPad = "UIInterfaceOrientationPortrait UIInterfaceOrientationPortraitUpsideDown UIInterfaceOrientationLandscapeLeft UIInterfaceOrientationLandscapeRight";
				INFOPLIST_KEY_UISupportedInterfaceOrientations_iPhone = "UIInterfaceOrientationPortrait UIInterfaceOrientationLandscapeLeft UIInterfaceOrientationLandscapeRight";
				LD_RUNPATH_SEARCH_PATHS = (
					"$(inherited)",
					"@executable_path/Frameworks",
				);
				MARKETING_VERSION = 1.0;
				PRODUCT_BUNDLE_IDENTIFIER = com.sitthorn.ResumeCreater;
				PRODUCT_NAME = "$(TARGET_NAME)";
				SWIFT_EMIT_LOC_STRINGS = YES;
				SWIFT_VERSION = 5.0;
				TARGETED_DEVICE_FAMILY = "1,2";
			};
			name = Debug;
		};
		96F8024127B6557500E3A332 /* Release */ = {
			isa = XCBuildConfiguration;
			buildSettings = {
				ASSETCATALOG_COMPILER_APPICON_NAME = AppIcon;
				ASSETCATALOG_COMPILER_GLOBAL_ACCENT_COLOR_NAME = AccentColor;
				CODE_SIGN_STYLE = Automatic;
				CURRENT_PROJECT_VERSION = 1;
				DEVELOPMENT_TEAM = 2U44HW5B4A;
				GENERATE_INFOPLIST_FILE = YES;
				INFOPLIST_FILE = ResumeCreater/Info.plist;
				INFOPLIST_KEY_UIApplicationSupportsIndirectInputEvents = YES;
				INFOPLIST_KEY_UILaunchStoryboardName = LaunchScreen;
				INFOPLIST_KEY_UIMainStoryboardFile = Main;
				INFOPLIST_KEY_UISupportedInterfaceOrientations_iPad = "UIInterfaceOrientationPortrait UIInterfaceOrientationPortraitUpsideDown UIInterfaceOrientationLandscapeLeft UIInterfaceOrientationLandscapeRight";
				INFOPLIST_KEY_UISupportedInterfaceOrientations_iPhone = "UIInterfaceOrientationPortrait UIInterfaceOrientationLandscapeLeft UIInterfaceOrientationLandscapeRight";
				LD_RUNPATH_SEARCH_PATHS = (
					"$(inherited)",
					"@executable_path/Frameworks",
				);
				MARKETING_VERSION = 1.0;
				PRODUCT_BUNDLE_IDENTIFIER = com.sitthorn.ResumeCreater;
				PRODUCT_NAME = "$(TARGET_NAME)";
				SWIFT_EMIT_LOC_STRINGS = YES;
				SWIFT_VERSION = 5.0;
				TARGETED_DEVICE_FAMILY = "1,2";
			};
			name = Release;
		};
		96F8024327B6557500E3A332 /* Debug */ = {
			isa = XCBuildConfiguration;
			buildSettings = {
				ALWAYS_EMBED_SWIFT_STANDARD_LIBRARIES = YES;
				BUNDLE_LOADER = "$(TEST_HOST)";
				CODE_SIGN_STYLE = Automatic;
				CURRENT_PROJECT_VERSION = 1;
				DEVELOPMENT_TEAM = 2U44HW5B4A;
				GENERATE_INFOPLIST_FILE = YES;
				IPHONEOS_DEPLOYMENT_TARGET = 15.2;
				MARKETING_VERSION = 1.0;
				PRODUCT_BUNDLE_IDENTIFIER = com.sitthorn.ResumeCreaterTests;
				PRODUCT_NAME = "$(TARGET_NAME)";
				SWIFT_EMIT_LOC_STRINGS = NO;
				SWIFT_VERSION = 5.0;
				TARGETED_DEVICE_FAMILY = "1,2";
				TEST_HOST = "$(BUILT_PRODUCTS_DIR)/ResumeCreater.app/ResumeCreater";
			};
			name = Debug;
		};
		96F8024427B6557500E3A332 /* Release */ = {
			isa = XCBuildConfiguration;
			buildSettings = {
				ALWAYS_EMBED_SWIFT_STANDARD_LIBRARIES = YES;
				BUNDLE_LOADER = "$(TEST_HOST)";
				CODE_SIGN_STYLE = Automatic;
				CURRENT_PROJECT_VERSION = 1;
				DEVELOPMENT_TEAM = 2U44HW5B4A;
				GENERATE_INFOPLIST_FILE = YES;
				IPHONEOS_DEPLOYMENT_TARGET = 15.2;
				MARKETING_VERSION = 1.0;
				PRODUCT_BUNDLE_IDENTIFIER = com.sitthorn.ResumeCreaterTests;
				PRODUCT_NAME = "$(TARGET_NAME)";
				SWIFT_EMIT_LOC_STRINGS = NO;
				SWIFT_VERSION = 5.0;
				TARGETED_DEVICE_FAMILY = "1,2";
				TEST_HOST = "$(BUILT_PRODUCTS_DIR)/ResumeCreater.app/ResumeCreater";
			};
			name = Release;
		};
		96F8024627B6557500E3A332 /* Debug */ = {
			isa = XCBuildConfiguration;
			buildSettings = {
				ALWAYS_EMBED_SWIFT_STANDARD_LIBRARIES = YES;
				CODE_SIGN_STYLE = Automatic;
				CURRENT_PROJECT_VERSION = 1;
				DEVELOPMENT_TEAM = 2U44HW5B4A;
				GENERATE_INFOPLIST_FILE = YES;
				MARKETING_VERSION = 1.0;
				PRODUCT_BUNDLE_IDENTIFIER = com.sitthorn.ResumeCreaterUITests;
				PRODUCT_NAME = "$(TARGET_NAME)";
				SWIFT_EMIT_LOC_STRINGS = NO;
				SWIFT_VERSION = 5.0;
				TARGETED_DEVICE_FAMILY = "1,2";
				TEST_TARGET_NAME = ResumeCreater;
			};
			name = Debug;
		};
		96F8024727B6557500E3A332 /* Release */ = {
			isa = XCBuildConfiguration;
			buildSettings = {
				ALWAYS_EMBED_SWIFT_STANDARD_LIBRARIES = YES;
				CODE_SIGN_STYLE = Automatic;
				CURRENT_PROJECT_VERSION = 1;
				DEVELOPMENT_TEAM = 2U44HW5B4A;
				GENERATE_INFOPLIST_FILE = YES;
				MARKETING_VERSION = 1.0;
				PRODUCT_BUNDLE_IDENTIFIER = com.sitthorn.ResumeCreaterUITests;
				PRODUCT_NAME = "$(TARGET_NAME)";
				SWIFT_EMIT_LOC_STRINGS = NO;
				SWIFT_VERSION = 5.0;
				TARGETED_DEVICE_FAMILY = "1,2";
				TEST_TARGET_NAME = ResumeCreater;
			};
			name = Release;
		};
/* End XCBuildConfiguration section */

/* Begin XCConfigurationList section */
		96F8021027B6557400E3A332 /* Build configuration list for PBXProject "ResumeCreater" */ = {
			isa = XCConfigurationList;
			buildConfigurations = (
				96F8023D27B6557500E3A332 /* Debug */,
				96F8023E27B6557500E3A332 /* Release */,
			);
			defaultConfigurationIsVisible = 0;
			defaultConfigurationName = Release;
		};
		96F8023F27B6557500E3A332 /* Build configuration list for PBXNativeTarget "ResumeCreater" */ = {
			isa = XCConfigurationList;
			buildConfigurations = (
				96F8024027B6557500E3A332 /* Debug */,
				96F8024127B6557500E3A332 /* Release */,
			);
			defaultConfigurationIsVisible = 0;
			defaultConfigurationName = Release;
		};
		96F8024227B6557500E3A332 /* Build configuration list for PBXNativeTarget "ResumeCreaterTests" */ = {
			isa = XCConfigurationList;
			buildConfigurations = (
				96F8024327B6557500E3A332 /* Debug */,
				96F8024427B6557500E3A332 /* Release */,
			);
			defaultConfigurationIsVisible = 0;
			defaultConfigurationName = Release;
		};
		96F8024527B6557500E3A332 /* Build configuration list for PBXNativeTarget "ResumeCreaterUITests" */ = {
			isa = XCConfigurationList;
			buildConfigurations = (
				96F8024627B6557500E3A332 /* Debug */,
				96F8024727B6557500E3A332 /* Release */,
			);
			defaultConfigurationIsVisible = 0;
			defaultConfigurationName = Release;
		};
/* End XCConfigurationList section */

/* Begin XCRemoteSwiftPackageReference section */
		96F8024827B65D0700E3A332 /* XCRemoteSwiftPackageReference "iOSWidgets" */ = {
			isa = XCRemoteSwiftPackageReference;
			repositoryURL = "https://github.com/thinnaphat-ch/iOSWidgets";
			requirement = {
				kind = upToNextMajorVersion;
				minimumVersion = 0.1.9;
			};
		};
		96F8024B27B65DFC00E3A332 /* XCRemoteSwiftPackageReference "IQKeyboardManager" */ = {
			isa = XCRemoteSwiftPackageReference;
			repositoryURL = "https://github.com/hackiftekhar/IQKeyboardManager";
			requirement = {
				kind = upToNextMajorVersion;
				minimumVersion = 6.5.0;
			};
		};
		96F8024E27B65E1100E3A332 /* XCRemoteSwiftPackageReference "SkeletonView" */ = {
			isa = XCRemoteSwiftPackageReference;
			repositoryURL = "https://github.com/Juanpe/SkeletonView";
			requirement = {
				kind = upToNextMajorVersion;
				minimumVersion = 1.7.0;
			};
		};
		96F8025127B65F0B00E3A332 /* XCRemoteSwiftPackageReference "realm-swift" */ = {
			isa = XCRemoteSwiftPackageReference;
			repositoryURL = "https://github.com/realm/realm-swift";
			requirement = {
				branch = master;
				kind = branch;
			};
		};
/* End XCRemoteSwiftPackageReference section */

/* Begin XCSwiftPackageProductDependency section */
		96F8024927B65D0700E3A332 /* iOSWidgets */ = {
			isa = XCSwiftPackageProductDependency;
			package = 96F8024827B65D0700E3A332 /* XCRemoteSwiftPackageReference "iOSWidgets" */;
			productName = iOSWidgets;
		};
		96F8024C27B65DFC00E3A332 /* IQKeyboardManagerSwift */ = {
			isa = XCSwiftPackageProductDependency;
			package = 96F8024B27B65DFC00E3A332 /* XCRemoteSwiftPackageReference "IQKeyboardManager" */;
			productName = IQKeyboardManagerSwift;
		};
		96F8024F27B65E1100E3A332 /* SkeletonView */ = {
			isa = XCSwiftPackageProductDependency;
			package = 96F8024E27B65E1100E3A332 /* XCRemoteSwiftPackageReference "SkeletonView" */;
			productName = SkeletonView;
		};
		96F8025227B65F0B00E3A332 /* RealmSwift */ = {
			isa = XCSwiftPackageProductDependency;
			package = 96F8025127B65F0B00E3A332 /* XCRemoteSwiftPackageReference "realm-swift" */;
			productName = RealmSwift;
		};
/* End XCSwiftPackageProductDependency section */
	};
	rootObject = 96F8020D27B6557400E3A332 /* Project object */;
}
